
Microsoft Visual Studio Solution File, Format Version 12.00
# Visual Studio Version 17
VisualStudioVersion = 17.12.35707.178
MinimumVisualStudioVersion = 10.0.40219.1
Project("{FAE04EC0-301F-11D3-BF4B-00C04F79EFBC}") = "CSProjeDemo1", "CSProjeDemo1\CSProjeDemo1.csproj", "{F346C67A-E826-407F-B512-388D1F62CD4E}"
EndProject
Project("{FAE04EC0-301F-11D3-BF4B-00C04F79EFBC}") = "CSProjeDemo2", "CSProjeDemo2\CSProjeDemo2.csproj", "{2FC11521-068F-42D3-9509-DED09D3384E6}"
EndProject
Project("{FAE04EC0-301F-11D3-BF4B-00C04F79EFBC}") = "CSProjeDemo1_Console", "CSProjeDemo1_Console\CSProjeDemo1_Console.csproj", "{AC2DCB47-473E-497D-8A07-A49EF83ECC8E}"
EndProject
Project("{FAE04EC0-301F-11D3-BF4B-00C04F79EFBC}") = "CSProjeDemo2_Console", "CSProjeDemo2_Console\CSProjeDemo2_Console.csproj", "{C5F666DE-A4BE-461F-88B8-38493AF990E5}"
EndProject
Global
	GlobalSection(SolutionConfigurationPlatforms) = preSolution
		Debug|Any CPU = Debug|Any CPU
		Release|Any CPU = Release|Any CPU
	EndGlobalSection
	GlobalSection(ProjectConfigurationPlatforms) = postSolution
		{F346C67A-E826-407F-B512-388D1F62CD4E}.Debug|Any CPU.ActiveCfg = Debug|Any CPU
		{F346C67A-E826-407F-B512-388D1F62CD4E}.Debug|Any CPU.Build.0 = Debug|Any CPU
		{F346C67A-E826-407F-B512-388D1F62CD4E}.Release|Any CPU.ActiveCfg = Release|Any CPU
		{F346C67A-E826-407F-B512-388D1F62CD4E}.Release|Any CPU.Build.0 = Release|Any CPU
		{2FC11521-068F-42D3-9509-DED09D3384E6}.Debug|Any CPU.ActiveCfg = Debug|Any CPU
		{2FC11521-068F-42D3-9509-DED09D3384E6}.Debug|Any CPU.Build.0 = Debug|Any CPU
		{2FC11521-068F-42D3-9509-DED09D3384E6}.Release|Any CPU.ActiveCfg = Release|Any CPU
		{2FC11521-068F-42D3-9509-DED09D3384E6}.Release|Any CPU.Build.0 = Release|Any CPU
		{AC2DCB47-473E-497D-8A07-A49EF83ECC8E}.Debug|Any CPU.ActiveCfg = Debug|Any CPU
		{AC2DCB47-473E-497D-8A07-A49EF83ECC8E}.Debug|Any CPU.Build.0 = Debug|Any CPU
		{AC2DCB47-473E-497D-8A07-A49EF83ECC8E}.Release|Any CPU.ActiveCfg = Release|Any CPU
		{AC2DCB47-473E-497D-8A07-A49EF83ECC8E}.Release|Any CPU.Build.0 = Release|Any CPU
		{C5F666DE-A4BE-461F-88B8-38493AF990E5}.Debug|Any CPU.ActiveCfg = Debug|Any CPU
		{C5F666DE-A4BE-461F-88B8-38493AF990E5}.Debug|Any CPU.Build.0 = Debug|Any CPU
		{C5F666DE-A4BE-461F-88B8-38493AF990E5}.Release|Any CPU.ActiveCfg = Release|Any CPU
		{C5F666DE-A4BE-461F-88B8-38493AF990E5}.Release|Any CPU.Build.0 = Release|Any CPU
	EndGlobalSection
	GlobalSection(SolutionProperties) = preSolution
		HideSolutionNode = FALSE
	EndGlobalSection
EndGlobal
